
Microsoft Visual Studio Solution File, Format Version 12.00
# Visual Studio Version 17
VisualStudioVersion = 17.2.32630.192
MinimumVisualStudioVersion = 10.0.40219.1
Project("{9A19103F-16F7-4668-BE54-9A1E7A4F7556}") = "ContactReportAPI", "ContactReportAPI\ContactReportAPI.csproj", "{623D8821-1456-479D-9828-2D3644246C29}"
EndProject
Project("{9A19103F-16F7-4668-BE54-9A1E7A4F7556}") = "ReportAPI", "ReportAPI\ReportAPI.csproj", "{AD2BB21B-5955-40FD-B021-AE88BBF3BCA6}"
EndProject
Project("{FAE04EC0-301F-11D3-BF4B-00C04F79EFBC}") = "Helper", "Helper\Helper.csproj", "{7F6314B9-454E-4BD7-BEC6-9125B881CAD9}"
EndProject
Project("{FAE04EC0-301F-11D3-BF4B-00C04F79EFBC}") = "RabitMQConsumer", "RabitMQConsumer\RabitMQConsumer.csproj", "{953DB112-B929-4BBF-A0DB-F9B4439174C1}"
EndProject
Project("{FAE04EC0-301F-11D3-BF4B-00C04F79EFBC}") = "Common", "Common\Common.csproj", "{273D689D-A490-4628-A098-19EFA1CB4AF7}"
EndProject
Global
	GlobalSection(SolutionConfigurationPlatforms) = preSolution
		Debug|Any CPU = Debug|Any CPU
		Release|Any CPU = Release|Any CPU
	EndGlobalSection
	GlobalSection(ProjectConfigurationPlatforms) = postSolution
		{623D8821-1456-479D-9828-2D3644246C29}.Debug|Any CPU.ActiveCfg = Debug|Any CPU
		{623D8821-1456-479D-9828-2D3644246C29}.Debug|Any CPU.Build.0 = Debug|Any CPU
		{623D8821-1456-479D-9828-2D3644246C29}.Release|Any CPU.ActiveCfg = Release|Any CPU
		{623D8821-1456-479D-9828-2D3644246C29}.Release|Any CPU.Build.0 = Release|Any CPU
		{AD2BB21B-5955-40FD-B021-AE88BBF3BCA6}.Debug|Any CPU.ActiveCfg = Debug|Any CPU
		{AD2BB21B-5955-40FD-B021-AE88BBF3BCA6}.Debug|Any CPU.Build.0 = Debug|Any CPU
		{AD2BB21B-5955-40FD-B021-AE88BBF3BCA6}.Release|Any CPU.ActiveCfg = Release|Any CPU
		{AD2BB21B-5955-40FD-B021-AE88BBF3BCA6}.Release|Any CPU.Build.0 = Release|Any CPU
		{7F6314B9-454E-4BD7-BEC6-9125B881CAD9}.Debug|Any CPU.ActiveCfg = Debug|Any CPU
		{7F6314B9-454E-4BD7-BEC6-9125B881CAD9}.Debug|Any CPU.Build.0 = Debug|Any CPU
		{7F6314B9-454E-4BD7-BEC6-9125B881CAD9}.Release|Any CPU.ActiveCfg = Release|Any CPU
		{7F6314B9-454E-4BD7-BEC6-9125B881CAD9}.Release|Any CPU.Build.0 = Release|Any CPU
		{953DB112-B929-4BBF-A0DB-F9B4439174C1}.Debug|Any CPU.ActiveCfg = Debug|Any CPU
		{953DB112-B929-4BBF-A0DB-F9B4439174C1}.Debug|Any CPU.Build.0 = Debug|Any CPU
		{953DB112-B929-4BBF-A0DB-F9B4439174C1}.Release|Any CPU.ActiveCfg = Release|Any CPU
		{953DB112-B929-4BBF-A0DB-F9B4439174C1}.Release|Any CPU.Build.0 = Release|Any CPU
		{273D689D-A490-4628-A098-19EFA1CB4AF7}.Debug|Any CPU.ActiveCfg = Debug|Any CPU
		{273D689D-A490-4628-A098-19EFA1CB4AF7}.Debug|Any CPU.Build.0 = Debug|Any CPU
		{273D689D-A490-4628-A098-19EFA1CB4AF7}.Release|Any CPU.ActiveCfg = Release|Any CPU
		{273D689D-A490-4628-A098-19EFA1CB4AF7}.Release|Any CPU.Build.0 = Release|Any CPU
	EndGlobalSection
	GlobalSection(SolutionProperties) = preSolution
		HideSolutionNode = FALSE
	EndGlobalSection
	GlobalSection(ExtensibilityGlobals) = postSolution
		SolutionGuid = {46204337-2006-49AA-9BED-863FF18B9E2D}
	EndGlobalSection
EndGlobal
