
Microsoft Visual Studio Solution File, Format Version 12.00
# Visual Studio Version 17
VisualStudioVersion = 17.2.32630.192
MinimumVisualStudioVersion = 10.0.40219.1
Project("{FAE04EC0-301F-11D3-BF4B-00C04F79EFBC}") = "ContactReportAPI", "ContactReportAPI\ContactReportAPI.csproj", "{623D8821-1456-479D-9828-2D3644246C29}"
EndProject
Global
	GlobalSection(SolutionConfigurationPlatforms) = preSolution
		Debug|Any CPU = Debug|Any CPU
		Release|Any CPU = Release|Any CPU
	EndGlobalSection
	GlobalSection(ProjectConfigurationPlatforms) = postSolution
		{623D8821-1456-479D-9828-2D3644246C29}.Debug|Any CPU.ActiveCfg = Debug|Any CPU
		{623D8821-1456-479D-9828-2D3644246C29}.Debug|Any CPU.Build.0 = Debug|Any CPU
		{623D8821-1456-479D-9828-2D3644246C29}.Release|Any CPU.ActiveCfg = Release|Any CPU
		{623D8821-1456-479D-9828-2D3644246C29}.Release|Any CPU.Build.0 = Release|Any CPU
	EndGlobalSection
	GlobalSection(SolutionProperties) = preSolution
		HideSolutionNode = FALSE
	EndGlobalSection
	GlobalSection(ExtensibilityGlobals) = postSolution
		SolutionGuid = {46204337-2006-49AA-9BED-863FF18B9E2D}
	EndGlobalSection
EndGlobal
